
Microsoft Visual Studio Solution File, Format Version 12.00
# Visual Studio 15
VisualStudioVersion = 15.0.27130.2027
MinimumVisualStudioVersion = 10.0.40219.1
Project("{9A19103F-16F7-4668-BE54-9A1E7A4F7556}") = "Dapplo.Windows", "Dapplo.Windows\Dapplo.Windows.csproj", "{8AA469BB-856A-4330-96CE-2BB75A014070}"
EndProject
Project("{9A19103F-16F7-4668-BE54-9A1E7A4F7556}") = "Dapplo.Windows.Advapi32", "Dapplo.Windows.Advapi32\Dapplo.Windows.Advapi32.csproj", "{148EA259-E0A5-4285-9F95-C2A044A95E64}"
EndProject
Project("{9A19103F-16F7-4668-BE54-9A1E7A4F7556}") = "Dapplo.Windows.Citrix", "Dapplo.Windows.Citrix\Dapplo.Windows.Citrix.csproj", "{E6A137AD-B848-41FD-A467-121FB20F3BB0}"
EndProject
Project("{9A19103F-16F7-4668-BE54-9A1E7A4F7556}") = "Dapplo.Windows.Clipboard", "Dapplo.Windows.Clipboard\Dapplo.Windows.Clipboard.csproj", "{8D836859-871A-446F-889F-1AC015E14738}"
EndProject
Project("{9A19103F-16F7-4668-BE54-9A1E7A4F7556}") = "Dapplo.Windows.Com", "Dapplo.Windows.Com\Dapplo.Windows.Com.csproj", "{F8895DF4-FBBB-44A4-86FF-5FA70C965F5F}"
EndProject
Project("{9A19103F-16F7-4668-BE54-9A1E7A4F7556}") = "Dapplo.Windows.Common", "Dapplo.Windows.Common\Dapplo.Windows.Common.csproj", "{41E9EE3A-ACEA-4532-87D7-0C09D95D9A4E}"
EndProject
Project("{9A19103F-16F7-4668-BE54-9A1E7A4F7556}") = "Dapplo.Windows.DesktopWindowsManager", "Dapplo.Windows.DesktopWindowsManager\Dapplo.Windows.DesktopWindowsManager.csproj", "{EF02637F-86A5-47F1-BB75-33E0BA3119CF}"
EndProject
Project("{9A19103F-16F7-4668-BE54-9A1E7A4F7556}") = "Dapplo.Windows.Dpi", "Dapplo.Windows.Dpi\Dapplo.Windows.Dpi.csproj", "{B8B5782D-EECD-4260-8BED-643EF8B8B6D0}"
EndProject
Project("{9A19103F-16F7-4668-BE54-9A1E7A4F7556}") = "Dapplo.Windows.EmbeddedBrowser", "Dapplo.Windows.EmbeddedBrowser\Dapplo.Windows.EmbeddedBrowser.csproj", "{66472B6B-50E2-4F2C-BE17-5DFC5FF839DD}"
EndProject
Project("{9A19103F-16F7-4668-BE54-9A1E7A4F7556}") = "Dapplo.Windows.Gdi32", "Dapplo.Windows.Gdi32\Dapplo.Windows.Gdi32.csproj", "{E4A0CE9D-681C-44D0-85F5-4F677EC54658}"
EndProject
Project("{9A19103F-16F7-4668-BE54-9A1E7A4F7556}") = "Dapplo.Windows.Icons", "Dapplo.Windows.Icons\Dapplo.Windows.Icons.csproj", "{AB2E5D4D-9028-4D9C-99E9-25CFDA6E5AAD}"
EndProject
Project("{9A19103F-16F7-4668-BE54-9A1E7A4F7556}") = "Dapplo.Windows.Input", "Dapplo.Windows.Input\Dapplo.Windows.Input.csproj", "{171A9FF9-8ABB-4E40-8C88-75157A899B71}"
EndProject
Project("{9A19103F-16F7-4668-BE54-9A1E7A4F7556}") = "Dapplo.Windows.Kernel32", "Dapplo.Windows.Kernel32\Dapplo.Windows.Kernel32.csproj", "{61832675-C53B-4283-8C44-EF99FD26AD3B}"
EndProject
Project("{9A19103F-16F7-4668-BE54-9A1E7A4F7556}") = "Dapplo.Windows.Messages", "Dapplo.Windows.Messages\Dapplo.Windows.Messages.csproj", "{DE471F22-E095-4B11-9702-8306D69B32CA}"
EndProject
Project("{9A19103F-16F7-4668-BE54-9A1E7A4F7556}") = "Dapplo.Windows.Multimedia", "Dapplo.Windows.Multimedia\Dapplo.Windows.Multimedia.csproj", "{9C4AF889-04F5-4BB4-8291-5DDDF46EB32C}"
EndProject
Project("{9A19103F-16F7-4668-BE54-9A1E7A4F7556}") = "Dapplo.Windows.Shell32", "Dapplo.Windows.Shell32\Dapplo.Windows.Shell32.csproj", "{043B5BEF-302E-4122-ADE5-70B18A824633}"
EndProject
Project("{9A19103F-16F7-4668-BE54-9A1E7A4F7556}") = "Dapplo.Windows.User32", "Dapplo.Windows.User32\Dapplo.Windows.User32.csproj", "{FDF2EF88-DC84-40BC-8C85-7B143DB9508B}"
EndProject
Project("{FAE04EC0-301F-11D3-BF4B-00C04F79EFBC}") = "Dapplo.Windows.Example.ConsoleDemo", "Dapplo.Windows.Example.ConsoleDemo\Dapplo.Windows.Example.ConsoleDemo.csproj", "{F87EE890-9447-40B3-A15E-87946AC25AE8}"
EndProject
Project("{9A19103F-16F7-4668-BE54-9A1E7A4F7556}") = "Dapplo.Windows.Example.FormsExample", "Dapplo.Windows.Example.FormsExample\Dapplo.Windows.Example.FormsExample.csproj", "{5607CB5A-D4B8-4EF6-BC00-6878FE47C7D5}"
EndProject
Project("{9A19103F-16F7-4668-BE54-9A1E7A4F7556}") = "Dapplo.Windows.Example.WpfExample", "Dapplo.Windows.Example.WpfExample\Dapplo.Windows.Example.WpfExample.csproj", "{192695D4-18D3-42BF-BE52-D35D0C1A2B23}"
EndProject
Project("{9A19103F-16F7-4668-BE54-9A1E7A4F7556}") = "Dapplo.Windows.Tests.Benchmarks", "Dapplo.Windows.Tests.Benchmarks\Dapplo.Windows.Tests.Benchmarks.csproj", "{C836270D-CFAB-4078-B311-F66B8D906BB3}"
EndProject
Project("{9A19103F-16F7-4668-BE54-9A1E7A4F7556}") = "Dapplo.Windows.Tests", "Dapplo.Windows.Tests\Dapplo.Windows.Tests.csproj", "{EB93507C-91DA-420D-B77D-9F9F006B62DE}"
EndProject
Global
	GlobalSection(SolutionConfigurationPlatforms) = preSolution
		Debug|Any CPU = Debug|Any CPU
		Release|Any CPU = Release|Any CPU
	EndGlobalSection
	GlobalSection(ProjectConfigurationPlatforms) = postSolution
		{8AA469BB-856A-4330-96CE-2BB75A014070}.Debug|Any CPU.ActiveCfg = Debug|Any CPU
		{8AA469BB-856A-4330-96CE-2BB75A014070}.Debug|Any CPU.Build.0 = Debug|Any CPU
		{8AA469BB-856A-4330-96CE-2BB75A014070}.Release|Any CPU.ActiveCfg = Release|Any CPU
		{8AA469BB-856A-4330-96CE-2BB75A014070}.Release|Any CPU.Build.0 = Release|Any CPU
		{148EA259-E0A5-4285-9F95-C2A044A95E64}.Debug|Any CPU.ActiveCfg = Debug|Any CPU
		{148EA259-E0A5-4285-9F95-C2A044A95E64}.Debug|Any CPU.Build.0 = Debug|Any CPU
		{148EA259-E0A5-4285-9F95-C2A044A95E64}.Release|Any CPU.ActiveCfg = Release|Any CPU
		{148EA259-E0A5-4285-9F95-C2A044A95E64}.Release|Any CPU.Build.0 = Release|Any CPU
		{E6A137AD-B848-41FD-A467-121FB20F3BB0}.Debug|Any CPU.ActiveCfg = Debug|Any CPU
		{E6A137AD-B848-41FD-A467-121FB20F3BB0}.Debug|Any CPU.Build.0 = Debug|Any CPU
		{E6A137AD-B848-41FD-A467-121FB20F3BB0}.Release|Any CPU.ActiveCfg = Release|Any CPU
		{E6A137AD-B848-41FD-A467-121FB20F3BB0}.Release|Any CPU.Build.0 = Release|Any CPU
		{8D836859-871A-446F-889F-1AC015E14738}.Debug|Any CPU.ActiveCfg = Debug|Any CPU
		{8D836859-871A-446F-889F-1AC015E14738}.Debug|Any CPU.Build.0 = Debug|Any CPU
		{8D836859-871A-446F-889F-1AC015E14738}.Release|Any CPU.ActiveCfg = Release|Any CPU
		{8D836859-871A-446F-889F-1AC015E14738}.Release|Any CPU.Build.0 = Release|Any CPU
		{F8895DF4-FBBB-44A4-86FF-5FA70C965F5F}.Debug|Any CPU.ActiveCfg = Debug|Any CPU
		{F8895DF4-FBBB-44A4-86FF-5FA70C965F5F}.Debug|Any CPU.Build.0 = Debug|Any CPU
		{F8895DF4-FBBB-44A4-86FF-5FA70C965F5F}.Release|Any CPU.ActiveCfg = Release|Any CPU
		{F8895DF4-FBBB-44A4-86FF-5FA70C965F5F}.Release|Any CPU.Build.0 = Release|Any CPU
		{41E9EE3A-ACEA-4532-87D7-0C09D95D9A4E}.Debug|Any CPU.ActiveCfg = Debug|Any CPU
		{41E9EE3A-ACEA-4532-87D7-0C09D95D9A4E}.Debug|Any CPU.Build.0 = Debug|Any CPU
		{41E9EE3A-ACEA-4532-87D7-0C09D95D9A4E}.Release|Any CPU.ActiveCfg = Release|Any CPU
		{41E9EE3A-ACEA-4532-87D7-0C09D95D9A4E}.Release|Any CPU.Build.0 = Release|Any CPU
		{EF02637F-86A5-47F1-BB75-33E0BA3119CF}.Debug|Any CPU.ActiveCfg = Debug|Any CPU
		{EF02637F-86A5-47F1-BB75-33E0BA3119CF}.Debug|Any CPU.Build.0 = Debug|Any CPU
		{EF02637F-86A5-47F1-BB75-33E0BA3119CF}.Release|Any CPU.ActiveCfg = Release|Any CPU
		{EF02637F-86A5-47F1-BB75-33E0BA3119CF}.Release|Any CPU.Build.0 = Release|Any CPU
		{B8B5782D-EECD-4260-8BED-643EF8B8B6D0}.Debug|Any CPU.ActiveCfg = Debug|Any CPU
		{B8B5782D-EECD-4260-8BED-643EF8B8B6D0}.Debug|Any CPU.Build.0 = Debug|Any CPU
		{B8B5782D-EECD-4260-8BED-643EF8B8B6D0}.Release|Any CPU.ActiveCfg = Release|Any CPU
		{B8B5782D-EECD-4260-8BED-643EF8B8B6D0}.Release|Any CPU.Build.0 = Release|Any CPU
		{E4A0CE9D-681C-44D0-85F5-4F677EC54658}.Debug|Any CPU.ActiveCfg = Debug|Any CPU
		{E4A0CE9D-681C-44D0-85F5-4F677EC54658}.Debug|Any CPU.Build.0 = Debug|Any CPU
		{E4A0CE9D-681C-44D0-85F5-4F677EC54658}.Release|Any CPU.ActiveCfg = Release|Any CPU
		{E4A0CE9D-681C-44D0-85F5-4F677EC54658}.Release|Any CPU.Build.0 = Release|Any CPU
		{AB2E5D4D-9028-4D9C-99E9-25CFDA6E5AAD}.Debug|Any CPU.ActiveCfg = Debug|Any CPU
		{AB2E5D4D-9028-4D9C-99E9-25CFDA6E5AAD}.Debug|Any CPU.Build.0 = Debug|Any CPU
		{AB2E5D4D-9028-4D9C-99E9-25CFDA6E5AAD}.Release|Any CPU.ActiveCfg = Release|Any CPU
		{AB2E5D4D-9028-4D9C-99E9-25CFDA6E5AAD}.Release|Any CPU.Build.0 = Release|Any CPU
		{171A9FF9-8ABB-4E40-8C88-75157A899B71}.Debug|Any CPU.ActiveCfg = Debug|Any CPU
		{171A9FF9-8ABB-4E40-8C88-75157A899B71}.Debug|Any CPU.Build.0 = Debug|Any CPU
		{171A9FF9-8ABB-4E40-8C88-75157A899B71}.Release|Any CPU.ActiveCfg = Release|Any CPU
		{171A9FF9-8ABB-4E40-8C88-75157A899B71}.Release|Any CPU.Build.0 = Release|Any CPU
		{61832675-C53B-4283-8C44-EF99FD26AD3B}.Debug|Any CPU.ActiveCfg = Debug|Any CPU
		{61832675-C53B-4283-8C44-EF99FD26AD3B}.Debug|Any CPU.Build.0 = Debug|Any CPU
		{61832675-C53B-4283-8C44-EF99FD26AD3B}.Release|Any CPU.ActiveCfg = Release|Any CPU
		{61832675-C53B-4283-8C44-EF99FD26AD3B}.Release|Any CPU.Build.0 = Release|Any CPU
		{DE471F22-E095-4B11-9702-8306D69B32CA}.Debug|Any CPU.ActiveCfg = Debug|Any CPU
		{DE471F22-E095-4B11-9702-8306D69B32CA}.Debug|Any CPU.Build.0 = Debug|Any CPU
		{DE471F22-E095-4B11-9702-8306D69B32CA}.Release|Any CPU.ActiveCfg = Release|Any CPU
		{DE471F22-E095-4B11-9702-8306D69B32CA}.Release|Any CPU.Build.0 = Release|Any CPU
		{9C4AF889-04F5-4BB4-8291-5DDDF46EB32C}.Debug|Any CPU.ActiveCfg = Debug|Any CPU
		{9C4AF889-04F5-4BB4-8291-5DDDF46EB32C}.Debug|Any CPU.Build.0 = Debug|Any CPU
		{9C4AF889-04F5-4BB4-8291-5DDDF46EB32C}.Release|Any CPU.ActiveCfg = Release|Any CPU
		{9C4AF889-04F5-4BB4-8291-5DDDF46EB32C}.Release|Any CPU.Build.0 = Release|Any CPU
		{043B5BEF-302E-4122-ADE5-70B18A824633}.Debug|Any CPU.ActiveCfg = Debug|Any CPU
		{043B5BEF-302E-4122-ADE5-70B18A824633}.Debug|Any CPU.Build.0 = Debug|Any CPU
		{043B5BEF-302E-4122-ADE5-70B18A824633}.Release|Any CPU.ActiveCfg = Release|Any CPU
		{043B5BEF-302E-4122-ADE5-70B18A824633}.Release|Any CPU.Build.0 = Release|Any CPU
		{FDF2EF88-DC84-40BC-8C85-7B143DB9508B}.Debug|Any CPU.ActiveCfg = Debug|Any CPU
		{FDF2EF88-DC84-40BC-8C85-7B143DB9508B}.Debug|Any CPU.Build.0 = Debug|Any CPU
		{FDF2EF88-DC84-40BC-8C85-7B143DB9508B}.Release|Any CPU.ActiveCfg = Release|Any CPU
		{FDF2EF88-DC84-40BC-8C85-7B143DB9508B}.Release|Any CPU.Build.0 = Release|Any CPU
		{EB93507C-91DA-420D-B77D-9F9F006B62DE}.Debug|Any CPU.ActiveCfg = Debug|Any CPU
		{EB93507C-91DA-420D-B77D-9F9F006B62DE}.Debug|Any CPU.Build.0 = Debug|Any CPU
		{EB93507C-91DA-420D-B77D-9F9F006B62DE}.Release|Any CPU.ActiveCfg = Release|Any CPU
		{EB93507C-91DA-420D-B77D-9F9F006B62DE}.Release|Any CPU.Build.0 = Release|Any CPU
		{5607CB5A-D4B8-4EF6-BC00-6878FE47C7D5}.Debug|Any CPU.ActiveCfg = Debug|Any CPU
		{5607CB5A-D4B8-4EF6-BC00-6878FE47C7D5}.Debug|Any CPU.Build.0 = Debug|Any CPU
		{5607CB5A-D4B8-4EF6-BC00-6878FE47C7D5}.Release|Any CPU.ActiveCfg = Release|Any CPU
		{5607CB5A-D4B8-4EF6-BC00-6878FE47C7D5}.Release|Any CPU.Build.0 = Release|Any CPU
		{192695D4-18D3-42BF-BE52-D35D0C1A2B23}.Debug|Any CPU.ActiveCfg = Debug|Any CPU
		{192695D4-18D3-42BF-BE52-D35D0C1A2B23}.Debug|Any CPU.Build.0 = Debug|Any CPU
		{192695D4-18D3-42BF-BE52-D35D0C1A2B23}.Release|Any CPU.ActiveCfg = Release|Any CPU
		{192695D4-18D3-42BF-BE52-D35D0C1A2B23}.Release|Any CPU.Build.0 = Release|Any CPU
		{66472B6B-50E2-4F2C-BE17-5DFC5FF839DD}.Debug|Any CPU.ActiveCfg = Debug|Any CPU
		{66472B6B-50E2-4F2C-BE17-5DFC5FF839DD}.Debug|Any CPU.Build.0 = Debug|Any CPU
		{66472B6B-50E2-4F2C-BE17-5DFC5FF839DD}.Release|Any CPU.ActiveCfg = Release|Any CPU
		{66472B6B-50E2-4F2C-BE17-5DFC5FF839DD}.Release|Any CPU.Build.0 = Release|Any CPU
		{C836270D-CFAB-4078-B311-F66B8D906BB3}.Debug|Any CPU.ActiveCfg = Debug|Any CPU
		{C836270D-CFAB-4078-B311-F66B8D906BB3}.Debug|Any CPU.Build.0 = Debug|Any CPU
		{C836270D-CFAB-4078-B311-F66B8D906BB3}.Release|Any CPU.ActiveCfg = Release|Any CPU
		{C836270D-CFAB-4078-B311-F66B8D906BB3}.Release|Any CPU.Build.0 = Release|Any CPU
		{F87EE890-9447-40B3-A15E-87946AC25AE8}.Debug|Any CPU.ActiveCfg = Debug|Any CPU
		{F87EE890-9447-40B3-A15E-87946AC25AE8}.Debug|Any CPU.Build.0 = Debug|Any CPU
		{F87EE890-9447-40B3-A15E-87946AC25AE8}.Release|Any CPU.ActiveCfg = Release|Any CPU
		{F87EE890-9447-40B3-A15E-87946AC25AE8}.Release|Any CPU.Build.0 = Release|Any CPU
	EndGlobalSection
	GlobalSection(SolutionProperties) = preSolution
		HideSolutionNode = FALSE
	EndGlobalSection
	GlobalSection(ExtensibilityGlobals) = postSolution
		SolutionGuid = {E8763890-D69A-4845-940A-E46152192D72}
	EndGlobalSection
EndGlobal
