
Microsoft Visual Studio Solution File, Format Version 12.00
# Visual Studio 14
VisualStudioVersion = 14.0.25420.1
MinimumVisualStudioVersion = 10.0.40219.1
Project("{FAE04EC0-301F-11D3-BF4B-00C04F79EFBC}") = "Dapplo.Windows", "Dapplo.Windows\Dapplo.Windows.csproj", "{8AA469BB-856A-4330-96CE-2BB75A014070}"
EndProject
Project("{FAE04EC0-301F-11D3-BF4B-00C04F79EFBC}") = "Dapplo.Windows.Tests", "Dapplo.Windows.Tests\Dapplo.Windows.Tests.csproj", "{EB93507C-91DA-420D-B77D-9F9F006B62DE}"
EndProject
Project("{FAE04EC0-301F-11D3-BF4B-00C04F79EFBC}") = "Dapplo.Windows.FormsExample", "Dapplo.Windows.FormsExample\Dapplo.Windows.FormsExample.csproj", "{5607CB5A-D4B8-4EF6-BC00-6878FE47C7D5}"
EndProject
Project("{FAE04EC0-301F-11D3-BF4B-00C04F79EFBC}") = "Dapplo.Windows.WpfExample", "Dapplo.Windows.WpfExample\Dapplo.Windows.WpfExample.csproj", "{192695D4-18D3-42BF-BE52-D35D0C1A2B23}"
EndProject
Project("{FAE04EC0-301F-11D3-BF4B-00C04F79EFBC}") = "Dapplo.Windows.Clipboard", "Dapplo.Clipboard\Dapplo.Windows.Clipboard.csproj", "{8D836859-871A-446F-889F-1AC015E14738}"
EndProject
Project("{FAE04EC0-301F-11D3-BF4B-00C04F79EFBC}") = "Dapplo.Windows.Messages", "Dapplo.WinMessages\Dapplo.Windows.Messages.csproj", "{DE471F22-E095-4B11-9702-8306D69B32CA}"
EndProject
Project("{FAE04EC0-301F-11D3-BF4B-00C04F79EFBC}") = "Dapplo.Windows.Dpi", "Dapplo.Dpi\Dapplo.Windows.Dpi.csproj", "{B8B5782D-EECD-4260-8BED-643EF8B8B6D0}"
EndProject
Project("{2150E333-8FDC-42A3-9474-1A3956D46DE8}") = "Build", "Build", "{CE6CF982-1BE3-42AD-81F0-0A3851736490}"
	ProjectSection(SolutionItems) = preProject
		..\build.cake = ..\build.cake
	EndProjectSection
EndProject
Project("{FAE04EC0-301F-11D3-BF4B-00C04F79EFBC}") = "Dapplo.Windows.Multimedia", "Dapplo.Windows.Multimedia\Dapplo.Windows.Multimedia.csproj", "{9C4AF889-04F5-4BB4-8291-5DDDF46EB32C}"
EndProject
Global
	GlobalSection(SolutionConfigurationPlatforms) = preSolution
		Debug|AnyCPU = Debug|AnyCPU
		Release|AnyCPU = Release|AnyCPU
	EndGlobalSection
	GlobalSection(ProjectConfigurationPlatforms) = postSolution
		{8AA469BB-856A-4330-96CE-2BB75A014070}.Debug|AnyCPU.ActiveCfg = Debug|Any CPU
		{8AA469BB-856A-4330-96CE-2BB75A014070}.Debug|AnyCPU.Build.0 = Debug|Any CPU
		{8AA469BB-856A-4330-96CE-2BB75A014070}.Release|AnyCPU.ActiveCfg = Release|Any CPU
		{8AA469BB-856A-4330-96CE-2BB75A014070}.Release|AnyCPU.Build.0 = Release|Any CPU
		{EB93507C-91DA-420D-B77D-9F9F006B62DE}.Debug|AnyCPU.ActiveCfg = Debug|Any CPU
		{EB93507C-91DA-420D-B77D-9F9F006B62DE}.Debug|AnyCPU.Build.0 = Debug|Any CPU
		{EB93507C-91DA-420D-B77D-9F9F006B62DE}.Release|AnyCPU.ActiveCfg = Release|Any CPU
		{EB93507C-91DA-420D-B77D-9F9F006B62DE}.Release|AnyCPU.Build.0 = Release|Any CPU
		{5607CB5A-D4B8-4EF6-BC00-6878FE47C7D5}.Debug|AnyCPU.ActiveCfg = Debug|Any CPU
		{5607CB5A-D4B8-4EF6-BC00-6878FE47C7D5}.Debug|AnyCPU.Build.0 = Debug|Any CPU
		{5607CB5A-D4B8-4EF6-BC00-6878FE47C7D5}.Release|AnyCPU.ActiveCfg = Release|Any CPU
		{5607CB5A-D4B8-4EF6-BC00-6878FE47C7D5}.Release|AnyCPU.Build.0 = Release|Any CPU
		{192695D4-18D3-42BF-BE52-D35D0C1A2B23}.Debug|AnyCPU.ActiveCfg = Debug|Any CPU
		{192695D4-18D3-42BF-BE52-D35D0C1A2B23}.Debug|AnyCPU.Build.0 = Debug|Any CPU
		{192695D4-18D3-42BF-BE52-D35D0C1A2B23}.Release|AnyCPU.ActiveCfg = Release|Any CPU
		{192695D4-18D3-42BF-BE52-D35D0C1A2B23}.Release|AnyCPU.Build.0 = Release|Any CPU
		{8D836859-871A-446F-889F-1AC015E14738}.Debug|AnyCPU.ActiveCfg = Debug|Any CPU
		{8D836859-871A-446F-889F-1AC015E14738}.Debug|AnyCPU.Build.0 = Debug|Any CPU
		{8D836859-871A-446F-889F-1AC015E14738}.Release|AnyCPU.ActiveCfg = Release|Any CPU
		{8D836859-871A-446F-889F-1AC015E14738}.Release|AnyCPU.Build.0 = Release|Any CPU
		{DE471F22-E095-4B11-9702-8306D69B32CA}.Debug|AnyCPU.ActiveCfg = Debug|Any CPU
		{DE471F22-E095-4B11-9702-8306D69B32CA}.Debug|AnyCPU.Build.0 = Debug|Any CPU
		{DE471F22-E095-4B11-9702-8306D69B32CA}.Release|AnyCPU.ActiveCfg = Release|Any CPU
		{DE471F22-E095-4B11-9702-8306D69B32CA}.Release|AnyCPU.Build.0 = Release|Any CPU
		{B8B5782D-EECD-4260-8BED-643EF8B8B6D0}.Debug|AnyCPU.ActiveCfg = Debug|Any CPU
		{B8B5782D-EECD-4260-8BED-643EF8B8B6D0}.Debug|AnyCPU.Build.0 = Debug|Any CPU
		{B8B5782D-EECD-4260-8BED-643EF8B8B6D0}.Release|AnyCPU.ActiveCfg = Release|Any CPU
		{B8B5782D-EECD-4260-8BED-643EF8B8B6D0}.Release|AnyCPU.Build.0 = Release|Any CPU
		{9C4AF889-04F5-4BB4-8291-5DDDF46EB32C}.Debug|AnyCPU.ActiveCfg = Debug|Any CPU
		{9C4AF889-04F5-4BB4-8291-5DDDF46EB32C}.Debug|AnyCPU.Build.0 = Debug|Any CPU
		{9C4AF889-04F5-4BB4-8291-5DDDF46EB32C}.Release|AnyCPU.ActiveCfg = Release|Any CPU
		{9C4AF889-04F5-4BB4-8291-5DDDF46EB32C}.Release|AnyCPU.Build.0 = Release|Any CPU
	EndGlobalSection
	GlobalSection(SolutionProperties) = preSolution
		HideSolutionNode = FALSE
	EndGlobalSection
EndGlobal
